
Microsoft Visual Studio Solution File, Format Version 12.00
# Visual Studio Version 17
VisualStudioVersion = 17.5.33530.505
MinimumVisualStudioVersion = 10.0.40219.1
Project("{FAE04EC0-301F-11D3-BF4B-00C04F79EFBC}") = "TDD2", "TDD2\TDD2.csproj", "{1E41B5D0-863A-4037-9120-B2EA3FBD7742}"
EndProject
Global
	GlobalSection(SolutionConfigurationPlatforms) = preSolution
		Debug|Any CPU = Debug|Any CPU
		Release|Any CPU = Release|Any CPU
	EndGlobalSection
	GlobalSection(ProjectConfigurationPlatforms) = postSolution
		{1E41B5D0-863A-4037-9120-B2EA3FBD7742}.Debug|Any CPU.ActiveCfg = Debug|Any CPU
		{1E41B5D0-863A-4037-9120-B2EA3FBD7742}.Debug|Any CPU.Build.0 = Debug|Any CPU
		{1E41B5D0-863A-4037-9120-B2EA3FBD7742}.Release|Any CPU.ActiveCfg = Release|Any CPU
		{1E41B5D0-863A-4037-9120-B2EA3FBD7742}.Release|Any CPU.Build.0 = Release|Any CPU
	EndGlobalSection
	GlobalSection(SolutionProperties) = preSolution
		HideSolutionNode = FALSE
	EndGlobalSection
	GlobalSection(ExtensibilityGlobals) = postSolution
		SolutionGuid = {5C383749-1875-4F5B-9D64-7E0014498898}
	EndGlobalSection
EndGlobal
